// !$*UTF8*$!
{
	archiveVersion = 1;
	classes = {
	};
	objectVersion = 55;
	objects = {

/* Begin PBXBuildFile section */
		8359F48D29CD9DB000F3B0FB /* Course.swift in Sources */ = {isa = PBXBuildFile; fileRef = 8359F48C29CD9DB000F3B0FB /* Course.swift */; };
		8359F48F29CD9DF600F3B0FB /* CourseView.swift in Sources */ = {isa = PBXBuildFile; fileRef = 8359F48E29CD9DF600F3B0FB /* CourseView.swift */; };
		8359F49329CDA5F100F3B0FB /* CommonTableViewCell.swift in Sources */ = {isa = PBXBuildFile; fileRef = 8359F49229CDA5F100F3B0FB /* CommonTableViewCell.swift */; };
		8359F49529CDA79C00F3B0FB /* CourseTableViewCell.swift in Sources */ = {isa = PBXBuildFile; fileRef = 8359F49429CDA79C00F3B0FB /* CourseTableViewCell.swift */; };
		836A1CBF29C1A689002C568A /* AppDelegate.swift in Sources */ = {isa = PBXBuildFile; fileRef = 836A1CBE29C1A689002C568A /* AppDelegate.swift */; };
		836A1CC129C1A689002C568A /* SceneDelegate.swift in Sources */ = {isa = PBXBuildFile; fileRef = 836A1CC029C1A689002C568A /* SceneDelegate.swift */; };
		836A1CC629C1A689002C568A /* Main.storyboard in Resources */ = {isa = PBXBuildFile; fileRef = 836A1CC429C1A689002C568A /* Main.storyboard */; };
		836A1CC829C1A68B002C568A /* Assets.xcassets in Resources */ = {isa = PBXBuildFile; fileRef = 836A1CC729C1A68B002C568A /* Assets.xcassets */; };
		836A1CCB29C1A68B002C568A /* LaunchScreen.storyboard in Resources */ = {isa = PBXBuildFile; fileRef = 836A1CC929C1A68B002C568A /* LaunchScreen.storyboard */; };
		836A1CFF29C1BA1F002C568A /* BaseViewController.swift in Sources */ = {isa = PBXBuildFile; fileRef = 836A1CFE29C1BA1F002C568A /* BaseViewController.swift */; };
		836A1D0129C1BA33002C568A /* BaseModel.swift in Sources */ = {isa = PBXBuildFile; fileRef = 836A1D0029C1BA33002C568A /* BaseModel.swift */; };
		836A1D0329C1BA8D002C568A /* LoginViewController.swift in Sources */ = {isa = PBXBuildFile; fileRef = 836A1D0229C1BA8D002C568A /* LoginViewController.swift */; };
		836A1D0529C1BAE3002C568A /* MainViewController.swift in Sources */ = {isa = PBXBuildFile; fileRef = 836A1D0429C1BAE3002C568A /* MainViewController.swift */; };
		836A1D0D29C1BD50002C568A /* MineViewController.swift in Sources */ = {isa = PBXBuildFile; fileRef = 836A1D0C29C1BD50002C568A /* MineViewController.swift */; };
		836A1D0F29C1BD5D002C568A /* HomeViewController.swift in Sources */ = {isa = PBXBuildFile; fileRef = 836A1D0E29C1BD5D002C568A /* HomeViewController.swift */; };
		836A1D1129C1D199002C568A /* BaseNavigationController.swift in Sources */ = {isa = PBXBuildFile; fileRef = 836A1D1029C1D199002C568A /* BaseNavigationController.swift */; };
		839811C729E54790009BCDD3 /* defaultAvatar@2x.jpg in Resources */ = {isa = PBXBuildFile; fileRef = 839811C629E54790009BCDD3 /* defaultAvatar@2x.jpg */; };
		839811C929E55C2D009BCDD3 /* CommonCellView.swift in Sources */ = {isa = PBXBuildFile; fileRef = 839811C829E55C2D009BCDD3 /* CommonCellView.swift */; };
		839811CB29E56B7E009BCDD3 /* icon_right_arrow@2x.png in Resources */ = {isa = PBXBuildFile; fileRef = 839811CA29E56B7E009BCDD3 /* icon_right_arrow@2x.png */; };
		839811D329E650B8009BCDD3 /* icon_course@2x.png in Resources */ = {isa = PBXBuildFile; fileRef = 839811CC29E650B7009BCDD3 /* icon_course@2x.png */; };
		839811D429E650B8009BCDD3 /* icon_between@2x.png in Resources */ = {isa = PBXBuildFile; fileRef = 839811CD29E650B8009BCDD3 /* icon_between@2x.png */; };
		839811D529E650B8009BCDD3 /* icon_column@2x.png in Resources */ = {isa = PBXBuildFile; fileRef = 839811CE29E650B8009BCDD3 /* icon_column@2x.png */; };
		839811D629E650B8009BCDD3 /* icon_cal@2x.png in Resources */ = {isa = PBXBuildFile; fileRef = 839811CF29E650B8009BCDD3 /* icon_cal@2x.png */; };
		839811D729E650B8009BCDD3 /* icon_life@2x.png in Resources */ = {isa = PBXBuildFile; fileRef = 839811D029E650B8009BCDD3 /* icon_life@2x.png */; };
		839811D829E650B8009BCDD3 /* icon_document@2x.png in Resources */ = {isa = PBXBuildFile; fileRef = 839811D129E650B8009BCDD3 /* icon_document@2x.png */; };
		839811D929E650B8009BCDD3 /* icon_live@2x.png in Resources */ = {isa = PBXBuildFile; fileRef = 839811D229E650B8009BCDD3 /* icon_live@2x.png */; };
		83ABA9F029E008100061D667 /* logo@2x.png in Resources */ = {isa = PBXBuildFile; fileRef = 83ABA9EF29E008100061D667 /* logo@2x.png */; };
		83ABA9F329E009F20061D667 /* icon_phone@2x.png in Resources */ = {isa = PBXBuildFile; fileRef = 83ABA9F129E009F20061D667 /* icon_phone@2x.png */; };
		83ABA9F429E009F20061D667 /* icon_pwd@2x.png in Resources */ = {isa = PBXBuildFile; fileRef = 83ABA9F229E009F20061D667 /* icon_pwd@2x.png */; };
		83ABA9F829E00E750061D667 /* R.generated.swift in Sources */ = {isa = PBXBuildFile; fileRef = 83ABA9F729E00E750061D667 /* R.generated.swift */; };
		83ABA9FA29E013850061D667 /* UIColorExtension.swift in Sources */ = {isa = PBXBuildFile; fileRef = 83ABA9F929E013850061D667 /* UIColorExtension.swift */; };
		83ADB98629C47233008FA886 /* FakeData.swift in Sources */ = {isa = PBXBuildFile; fileRef = 83ADB98529C47233008FA886 /* FakeData.swift */; };
		83DE250329C31E8900D849EB /* BannerView.swift in Sources */ = {isa = PBXBuildFile; fileRef = 83DE250229C31E8900D849EB /* BannerView.swift */; };
		B2599B2651DEBF96F354AA20 /* Pods_geekTime_swift_IB.framework in Frameworks */ = {isa = PBXBuildFile; fileRef = 0DD1B503C71B28224344A5D3 /* Pods_geekTime_swift_IB.framework */; };
/* End PBXBuildFile section */

/* Begin PBXFileReference section */
		0DD1B503C71B28224344A5D3 /* Pods_geekTime_swift_IB.framework */ = {isa = PBXFileReference; explicitFileType = wrapper.framework; includeInIndex = 0; path = Pods_geekTime_swift_IB.framework; sourceTree = BUILT_PRODUCTS_DIR; };
		19624F4C36D0711BEBAB2D4D /* Pods-geekTime_swift_IB.debug.xcconfig */ = {isa = PBXFileReference; includeInIndex = 1; lastKnownFileType = text.xcconfig; name = "Pods-geekTime_swift_IB.debug.xcconfig"; path = "Target Support Files/Pods-geekTime_swift_IB/Pods-geekTime_swift_IB.debug.xcconfig"; sourceTree = "<group>"; };
		8359F48C29CD9DB000F3B0FB /* Course.swift */ = {isa = PBXFileReference; lastKnownFileType = sourcecode.swift; path = Course.swift; sourceTree = "<group>"; };
		8359F48E29CD9DF600F3B0FB /* CourseView.swift */ = {isa = PBXFileReference; lastKnownFileType = sourcecode.swift; path = CourseView.swift; sourceTree = "<group>"; };
		8359F49229CDA5F100F3B0FB /* CommonTableViewCell.swift */ = {isa = PBXFileReference; lastKnownFileType = sourcecode.swift; path = CommonTableViewCell.swift; sourceTree = "<group>"; };
		8359F49429CDA79C00F3B0FB /* CourseTableViewCell.swift */ = {isa = PBXFileReference; lastKnownFileType = sourcecode.swift; path = CourseTableViewCell.swift; sourceTree = "<group>"; };
		836A1CBB29C1A689002C568A /* geekTime_swift_IB.app */ = {isa = PBXFileReference; explicitFileType = wrapper.application; includeInIndex = 0; path = geekTime_swift_IB.app; sourceTree = BUILT_PRODUCTS_DIR; };
		836A1CBE29C1A689002C568A /* AppDelegate.swift */ = {isa = PBXFileReference; lastKnownFileType = sourcecode.swift; path = AppDelegate.swift; sourceTree = "<group>"; };
		836A1CC029C1A689002C568A /* SceneDelegate.swift */ = {isa = PBXFileReference; lastKnownFileType = sourcecode.swift; path = SceneDelegate.swift; sourceTree = "<group>"; };
		836A1CC529C1A689002C568A /* Base */ = {isa = PBXFileReference; lastKnownFileType = file.storyboard; name = Base; path = Base.lproj/Main.storyboard; sourceTree = "<group>"; };
		836A1CC729C1A68B002C568A /* Assets.xcassets */ = {isa = PBXFileReference; lastKnownFileType = folder.assetcatalog; path = Assets.xcassets; sourceTree = "<group>"; };
		836A1CCA29C1A68B002C568A /* Base */ = {isa = PBXFileReference; lastKnownFileType = file.storyboard; name = Base; path = Base.lproj/LaunchScreen.storyboard; sourceTree = "<group>"; };
		836A1CCC29C1A68B002C568A /* Info.plist */ = {isa = PBXFileReference; lastKnownFileType = text.plist.xml; path = Info.plist; sourceTree = "<group>"; };
		836A1CFE29C1BA1F002C568A /* BaseViewController.swift */ = {isa = PBXFileReference; lastKnownFileType = sourcecode.swift; path = BaseViewController.swift; sourceTree = "<group>"; };
		836A1D0029C1BA33002C568A /* BaseModel.swift */ = {isa = PBXFileReference; lastKnownFileType = sourcecode.swift; path = BaseModel.swift; sourceTree = "<group>"; };
		836A1D0229C1BA8D002C568A /* LoginViewController.swift */ = {isa = PBXFileReference; lastKnownFileType = sourcecode.swift; path = LoginViewController.swift; sourceTree = "<group>"; };
		836A1D0429C1BAE3002C568A /* MainViewController.swift */ = {isa = PBXFileReference; lastKnownFileType = sourcecode.swift; path = MainViewController.swift; sourceTree = "<group>"; };
		836A1D0C29C1BD50002C568A /* MineViewController.swift */ = {isa = PBXFileReference; lastKnownFileType = sourcecode.swift; path = MineViewController.swift; sourceTree = "<group>"; };
		836A1D0E29C1BD5D002C568A /* HomeViewController.swift */ = {isa = PBXFileReference; lastKnownFileType = sourcecode.swift; path = HomeViewController.swift; sourceTree = "<group>"; };
		836A1D1029C1D199002C568A /* BaseNavigationController.swift */ = {isa = PBXFileReference; lastKnownFileType = sourcecode.swift; path = BaseNavigationController.swift; sourceTree = "<group>"; };
		839811C629E54790009BCDD3 /* defaultAvatar@2x.jpg */ = {isa = PBXFileReference; lastKnownFileType = image.jpeg; path = "defaultAvatar@2x.jpg"; sourceTree = "<group>"; };
		839811C829E55C2D009BCDD3 /* CommonCellView.swift */ = {isa = PBXFileReference; lastKnownFileType = sourcecode.swift; path = CommonCellView.swift; sourceTree = "<group>"; };
		839811CA29E56B7E009BCDD3 /* icon_right_arrow@2x.png */ = {isa = PBXFileReference; lastKnownFileType = image.png; path = "icon_right_arrow@2x.png"; sourceTree = "<group>"; };
		839811CC29E650B7009BCDD3 /* icon_course@2x.png */ = {isa = PBXFileReference; lastKnownFileType = image.png; path = "icon_course@2x.png"; sourceTree = "<group>"; };
		839811CD29E650B8009BCDD3 /* icon_between@2x.png */ = {isa = PBXFileReference; lastKnownFileType = image.png; path = "icon_between@2x.png"; sourceTree = "<group>"; };
		839811CE29E650B8009BCDD3 /* icon_column@2x.png */ = {isa = PBXFileReference; lastKnownFileType = image.png; path = "icon_column@2x.png"; sourceTree = "<group>"; };
		839811CF29E650B8009BCDD3 /* icon_cal@2x.png */ = {isa = PBXFileReference; lastKnownFileType = image.png; path = "icon_cal@2x.png"; sourceTree = "<group>"; };
		839811D029E650B8009BCDD3 /* icon_life@2x.png */ = {isa = PBXFileReference; lastKnownFileType = image.png; path = "icon_life@2x.png"; sourceTree = "<group>"; };
		839811D129E650B8009BCDD3 /* icon_document@2x.png */ = {isa = PBXFileReference; lastKnownFileType = image.png; path = "icon_document@2x.png"; sourceTree = "<group>"; };
		839811D229E650B8009BCDD3 /* icon_live@2x.png */ = {isa = PBXFileReference; lastKnownFileType = image.png; path = "icon_live@2x.png"; sourceTree = "<group>"; };
		83ABA9EF29E008100061D667 /* logo@2x.png */ = {isa = PBXFileReference; lastKnownFileType = image.png; path = "logo@2x.png"; sourceTree = "<group>"; };
		83ABA9F129E009F20061D667 /* icon_phone@2x.png */ = {isa = PBXFileReference; lastKnownFileType = image.png; path = "icon_phone@2x.png"; sourceTree = "<group>"; };
		83ABA9F229E009F20061D667 /* icon_pwd@2x.png */ = {isa = PBXFileReference; lastKnownFileType = image.png; path = "icon_pwd@2x.png"; sourceTree = "<group>"; };
		83ABA9F729E00E750061D667 /* R.generated.swift */ = {isa = PBXFileReference; fileEncoding = 4; lastKnownFileType = sourcecode.swift; path = R.generated.swift; sourceTree = SOURCE_ROOT; };
		83ABA9F929E013850061D667 /* UIColorExtension.swift */ = {isa = PBXFileReference; lastKnownFileType = sourcecode.swift; path = UIColorExtension.swift; sourceTree = "<group>"; };
		83ADB98529C47233008FA886 /* FakeData.swift */ = {isa = PBXFileReference; lastKnownFileType = sourcecode.swift; path = FakeData.swift; sourceTree = "<group>"; };
		83DE250229C31E8900D849EB /* BannerView.swift */ = {isa = PBXFileReference; lastKnownFileType = sourcecode.swift; path = BannerView.swift; sourceTree = "<group>"; };
		B2E803B30D9C3A957CEE640D /* Pods-geekTime_swift_IB.release.xcconfig */ = {isa = PBXFileReference; includeInIndex = 1; lastKnownFileType = text.xcconfig; name = "Pods-geekTime_swift_IB.release.xcconfig"; path = "Target Support Files/Pods-geekTime_swift_IB/Pods-geekTime_swift_IB.release.xcconfig"; sourceTree = "<group>"; };
/* End PBXFileReference section */

/* Begin PBXFrameworksBuildPhase section */
		836A1CB829C1A689002C568A /* Frameworks */ = {
			isa = PBXFrameworksBuildPhase;
			buildActionMask = 2147483647;
			files = (
				B2599B2651DEBF96F354AA20 /* Pods_geekTime_swift_IB.framework in Frameworks */,
			);
			runOnlyForDeploymentPostprocessing = 0;
		};
/* End PBXFrameworksBuildPhase section */

/* Begin PBXGroup section */
		3C5C082031F04462B8C27F85 /* Frameworks */ = {
			isa = PBXGroup;
			children = (
				0DD1B503C71B28224344A5D3 /* Pods_geekTime_swift_IB.framework */,
			);
			name = Frameworks;
			sourceTree = "<group>";
		};
		7A512BA32871BB18B8F69729 /* Pods */ = {
			isa = PBXGroup;
			children = (
				19624F4C36D0711BEBAB2D4D /* Pods-geekTime_swift_IB.debug.xcconfig */,
				B2E803B30D9C3A957CEE640D /* Pods-geekTime_swift_IB.release.xcconfig */,
			);
			path = Pods;
			sourceTree = "<group>";
		};
		8359F48629CD8EAF00F3B0FB /* Model */ = {
			isa = PBXGroup;
			children = (
				8359F48C29CD9DB000F3B0FB /* Course.swift */,
			);
			path = Model;
			sourceTree = "<group>";
		};
		8359F48929CD9D0C00F3B0FB /* View */ = {
			isa = PBXGroup;
			children = (
				83DE250229C31E8900D849EB /* BannerView.swift */,
				8359F48E29CD9DF600F3B0FB /* CourseView.swift */,
				8359F49429CDA79C00F3B0FB /* CourseTableViewCell.swift */,
			);
			path = View;
			sourceTree = "<group>";
		};
		8359F49029CD9F4D00F3B0FB /* ViewController */ = {
			isa = PBXGroup;
			children = (
				836A1D0E29C1BD5D002C568A /* HomeViewController.swift */,
			);
			path = ViewController;
			sourceTree = "<group>";
		};
		8359F49129CDA5C700F3B0FB /* View */ = {
			isa = PBXGroup;
			children = (
				8359F49229CDA5F100F3B0FB /* CommonTableViewCell.swift */,
				839811C829E55C2D009BCDD3 /* CommonCellView.swift */,
			);
			path = View;
			sourceTree = "<group>";
		};
		836A1CB229C1A689002C568A = {
			isa = PBXGroup;
			children = (
				836A1CBD29C1A689002C568A /* geekTime_swift_IB */,
				836A1CBC29C1A689002C568A /* Products */,
				7A512BA32871BB18B8F69729 /* Pods */,
				3C5C082031F04462B8C27F85 /* Frameworks */,
			);
			sourceTree = "<group>";
		};
		836A1CBC29C1A689002C568A /* Products */ = {
			isa = PBXGroup;
			children = (
				836A1CBB29C1A689002C568A /* geekTime_swift_IB.app */,
			);
			name = Products;
			sourceTree = "<group>";
		};
		836A1CBD29C1A689002C568A /* geekTime_swift_IB */ = {
			isa = PBXGroup;
			children = (
				836A1CF629C1B76E002C568A /* Module<模块类> */,
				836A1CF729C1B7BC002C568A /* Common<公共类> */,
				836A1CF529C1B763002C568A /* Tools<工具类> */,
				836A1CF429C1B743002C568A /* Extensions<扩展类> */,
				836A1CF329C1B615002C568A /* Resource<资源类> */,
				836A1CFC29C1B8DE002C568A /* Application<应用入口> */,
				836A1CCC29C1A68B002C568A /* Info.plist */,
			);
			path = geekTime_swift_IB;
			sourceTree = "<group>";
		};
		836A1CF229C1B5A3002C568A /* ViewController<视图控制器类> */ = {
			isa = PBXGroup;
			children = (
				836A1D0429C1BAE3002C568A /* MainViewController.swift */,
			);
			path = "ViewController<视图控制器类>";
			sourceTree = "<group>";
		};
		836A1CF329C1B615002C568A /* Resource<资源类> */ = {
			isa = PBXGroup;
			children = (
				839811C629E54790009BCDD3 /* defaultAvatar@2x.jpg */,
				83ABA9EF29E008100061D667 /* logo@2x.png */,
				839811CA29E56B7E009BCDD3 /* icon_right_arrow@2x.png */,
				83ABA9F129E009F20061D667 /* icon_phone@2x.png */,
				839811CD29E650B8009BCDD3 /* icon_between@2x.png */,
				839811CF29E650B8009BCDD3 /* icon_cal@2x.png */,
				839811CE29E650B8009BCDD3 /* icon_column@2x.png */,
				839811CC29E650B7009BCDD3 /* icon_course@2x.png */,
				839811D129E650B8009BCDD3 /* icon_document@2x.png */,
				839811D029E650B8009BCDD3 /* icon_life@2x.png */,
				839811D229E650B8009BCDD3 /* icon_live@2x.png */,
				83ABA9F229E009F20061D667 /* icon_pwd@2x.png */,
				836A1CC729C1A68B002C568A /* Assets.xcassets */,
			);
			path = "Resource<资源类>";
			sourceTree = "<group>";
		};
		836A1CF429C1B743002C568A /* Extensions<扩展类> */ = {
			isa = PBXGroup;
			children = (
				83ABA9F929E013850061D667 /* UIColorExtension.swift */,
			);
			path = "Extensions<扩展类>";
			sourceTree = "<group>";
		};
		836A1CF529C1B763002C568A /* Tools<工具类> */ = {
			isa = PBXGroup;
			children = (
				83ABA9F629E00E4F0061D667 /* ResourceManage */,
			);
			path = "Tools<工具类>";
			sourceTree = "<group>";
		};
		836A1CF629C1B76E002C568A /* Module<模块类> */ = {
			isa = PBXGroup;
			children = (
				836A1CF829C1B7EA002C568A /* MainModule */,
				836A1D0629C1BAF7002C568A /* HomeModule */,
				836A1D0729C1BB07002C568A /* MineModule */,
				836A1CFD29C1B93A002C568A /* BaseModule */,
			);
			path = "Module<模块类>";
			sourceTree = "<group>";
		};
		836A1CF729C1B7BC002C568A /* Common<公共类> */ = {
			isa = PBXGroup;
			children = (
				8359F49129CDA5C700F3B0FB /* View */,
				83ADB98529C47233008FA886 /* FakeData.swift */,
			);
			path = "Common<公共类>";
			sourceTree = "<group>";
		};
		836A1CF829C1B7EA002C568A /* MainModule */ = {
			isa = PBXGroup;
			children = (
				836A1CF229C1B5A3002C568A /* ViewController<视图控制器类> */,
				836A1CFA29C1B82D002C568A /* VIew<视图类> */,
				836A1CFB29C1B841002C568A /* Model<数据模型类> */,
			);
			path = MainModule;
			sourceTree = "<group>";
		};
		836A1CF929C1B812002C568A /* LoginModule */ = {
			isa = PBXGroup;
			children = (
				836A1D0229C1BA8D002C568A /* LoginViewController.swift */,
			);
			path = LoginModule;
			sourceTree = "<group>";
		};
		836A1CFA29C1B82D002C568A /* VIew<视图类> */ = {
			isa = PBXGroup;
			children = (
			);
			path = "VIew<视图类>";
			sourceTree = "<group>";
		};
		836A1CFB29C1B841002C568A /* Model<数据模型类> */ = {
			isa = PBXGroup;
			children = (
			);
			path = "Model<数据模型类>";
			sourceTree = "<group>";
		};
		836A1CFC29C1B8DE002C568A /* Application<应用入口> */ = {
			isa = PBXGroup;
			children = (
				836A1CBE29C1A689002C568A /* AppDelegate.swift */,
				836A1CC029C1A689002C568A /* SceneDelegate.swift */,
				836A1CC429C1A689002C568A /* Main.storyboard */,
				836A1CC929C1A68B002C568A /* LaunchScreen.storyboard */,
			);
			path = "Application<应用入口>";
			sourceTree = "<group>";
		};
		836A1CFD29C1B93A002C568A /* BaseModule */ = {
			isa = PBXGroup;
			children = (
				836A1CFE29C1BA1F002C568A /* BaseViewController.swift */,
				836A1D1029C1D199002C568A /* BaseNavigationController.swift */,
				836A1D0029C1BA33002C568A /* BaseModel.swift */,
			);
			path = BaseModule;
			sourceTree = "<group>";
		};
		836A1D0629C1BAF7002C568A /* HomeModule */ = {
			isa = PBXGroup;
			children = (
				8359F49029CD9F4D00F3B0FB /* ViewController */,
				8359F48929CD9D0C00F3B0FB /* View */,
				8359F48629CD8EAF00F3B0FB /* Model */,
			);
			path = HomeModule;
			sourceTree = "<group>";
		};
		836A1D0729C1BB07002C568A /* MineModule */ = {
			isa = PBXGroup;
			children = (
				836A1CF929C1B812002C568A /* LoginModule */,
				836A1D0C29C1BD50002C568A /* MineViewController.swift */,
			);
			path = MineModule;
			sourceTree = "<group>";
		};
		83ABA9F629E00E4F0061D667 /* ResourceManage */ = {
			isa = PBXGroup;
			children = (
				83ABA9F729E00E750061D667 /* R.generated.swift */,
			);
			path = ResourceManage;
			sourceTree = "<group>";
		};
/* End PBXGroup section */

/* Begin PBXNativeTarget section */
		836A1CBA29C1A689002C568A /* geekTime_swift_IB */ = {
			isa = PBXNativeTarget;
			buildConfigurationList = 836A1CCF29C1A68B002C568A /* Build configuration list for PBXNativeTarget "geekTime_swift_IB" */;
			buildPhases = (
				D822BCF4B5A46E80ECAB4BC0 /* [CP] Check Pods Manifest.lock */,
				83ABA9F529E00C780061D667 /* ShellScript */,
				836A1CB729C1A689002C568A /* Sources */,
				836A1CB829C1A689002C568A /* Frameworks */,
				836A1CB929C1A689002C568A /* Resources */,
				47A9CD2A89321C8321FBA15C /* [CP] Embed Pods Frameworks */,
			);
			buildRules = (
			);
			dependencies = (
			);
			name = geekTime_swift_IB;
			productName = geekTime_swift_IB;
			productReference = 836A1CBB29C1A689002C568A /* geekTime_swift_IB.app */;
			productType = "com.apple.product-type.application";
		};
/* End PBXNativeTarget section */

/* Begin PBXProject section */
		836A1CB329C1A689002C568A /* Project object */ = {
			isa = PBXProject;
			attributes = {
				BuildIndependentTargetsInParallel = 1;
				LastSwiftUpdateCheck = 1320;
				LastUpgradeCheck = 1320;
				TargetAttributes = {
					836A1CBA29C1A689002C568A = {
						CreatedOnToolsVersion = 13.2.1;
					};
				};
			};
			buildConfigurationList = 836A1CB629C1A689002C568A /* Build configuration list for PBXProject "geekTime_swift_IB" */;
			compatibilityVersion = "Xcode 13.0";
			developmentRegion = en;
			hasScannedForEncodings = 0;
			knownRegions = (
				en,
				Base,
			);
			mainGroup = 836A1CB229C1A689002C568A;
			productRefGroup = 836A1CBC29C1A689002C568A /* Products */;
			projectDirPath = "";
			projectRoot = "";
			targets = (
				836A1CBA29C1A689002C568A /* geekTime_swift_IB */,
			);
		};
/* End PBXProject section */

/* Begin PBXResourcesBuildPhase section */
		836A1CB929C1A689002C568A /* Resources */ = {
			isa = PBXResourcesBuildPhase;
			buildActionMask = 2147483647;
			files = (
				836A1CCB29C1A68B002C568A /* LaunchScreen.storyboard in Resources */,
				839811D329E650B8009BCDD3 /* icon_course@2x.png in Resources */,
				839811D429E650B8009BCDD3 /* icon_between@2x.png in Resources */,
				839811D529E650B8009BCDD3 /* icon_column@2x.png in Resources */,
				839811D829E650B8009BCDD3 /* icon_document@2x.png in Resources */,
				83ABA9F029E008100061D667 /* logo@2x.png in Resources */,
				836A1CC829C1A68B002C568A /* Assets.xcassets in Resources */,
				839811D729E650B8009BCDD3 /* icon_life@2x.png in Resources */,
				836A1CC629C1A689002C568A /* Main.storyboard in Resources */,
				839811D929E650B8009BCDD3 /* icon_live@2x.png in Resources */,
				839811CB29E56B7E009BCDD3 /* icon_right_arrow@2x.png in Resources */,
				839811D629E650B8009BCDD3 /* icon_cal@2x.png in Resources */,
				839811C729E54790009BCDD3 /* defaultAvatar@2x.jpg in Resources */,
				83ABA9F329E009F20061D667 /* icon_phone@2x.png in Resources */,
				83ABA9F429E009F20061D667 /* icon_pwd@2x.png in Resources */,
			);
			runOnlyForDeploymentPostprocessing = 0;
		};
/* End PBXResourcesBuildPhase section */

/* Begin PBXShellScriptBuildPhase section */
		47A9CD2A89321C8321FBA15C /* [CP] Embed Pods Frameworks */ = {
			isa = PBXShellScriptBuildPhase;
			buildActionMask = 2147483647;
			files = (
			);
			inputFileListPaths = (
				"${PODS_ROOT}/Target Support Files/Pods-geekTime_swift_IB/Pods-geekTime_swift_IB-frameworks-${CONFIGURATION}-input-files.xcfilelist",
			);
			name = "[CP] Embed Pods Frameworks";
			outputFileListPaths = (
				"${PODS_ROOT}/Target Support Files/Pods-geekTime_swift_IB/Pods-geekTime_swift_IB-frameworks-${CONFIGURATION}-output-files.xcfilelist",
			);
			runOnlyForDeploymentPostprocessing = 0;
			shellPath = /bin/sh;
			shellScript = "\"${PODS_ROOT}/Target Support Files/Pods-geekTime_swift_IB/Pods-geekTime_swift_IB-frameworks.sh\"\n";
			showEnvVarsInLog = 0;
		};
		83ABA9F529E00C780061D667 /* ShellScript */ = {
			isa = PBXShellScriptBuildPhase;
			buildActionMask = 2147483647;
			files = (
			);
			inputFileListPaths = (
				"",
			);
			inputPaths = (
				"$TEMP_DIR/rswift-lastrun",
			);
			outputFileListPaths = (
			);
			outputPaths = (
				$SRCROOT/R.generated.swift,
			);
			runOnlyForDeploymentPostprocessing = 0;
			shellPath = /bin/sh;
			shellScript = "\"$PODS_ROOT/R.swift/rswift\" generate \"$SRCROOT/R.generated.swift\"\n";
		};
		D822BCF4B5A46E80ECAB4BC0 /* [CP] Check Pods Manifest.lock */ = {
			isa = PBXShellScriptBuildPhase;
			buildActionMask = 2147483647;
			files = (
			);
			inputFileListPaths = (
			);
			inputPaths = (
				"${PODS_PODFILE_DIR_PATH}/Podfile.lock",
				"${PODS_ROOT}/Manifest.lock",
			);
			name = "[CP] Check Pods Manifest.lock";
			outputFileListPaths = (
			);
			outputPaths = (
				"$(DERIVED_FILE_DIR)/Pods-geekTime_swift_IB-checkManifestLockResult.txt",
			);
			runOnlyForDeploymentPostprocessing = 0;
			shellPath = /bin/sh;
			shellScript = "diff \"${PODS_PODFILE_DIR_PATH}/Podfile.lock\" \"${PODS_ROOT}/Manifest.lock\" > /dev/null\nif [ $? != 0 ] ; then\n    # print error to STDERR\n    echo \"error: The sandbox is not in sync with the Podfile.lock. Run 'pod install' or update your CocoaPods installation.\" >&2\n    exit 1\nfi\n# This output is used by Xcode 'outputs' to avoid re-running this script phase.\necho \"SUCCESS\" > \"${SCRIPT_OUTPUT_FILE_0}\"\n";
			showEnvVarsInLog = 0;
		};
/* End PBXShellScriptBuildPhase section */

/* Begin PBXSourcesBuildPhase section */
		836A1CB729C1A689002C568A /* Sources */ = {
			isa = PBXSourcesBuildPhase;
			buildActionMask = 2147483647;
			files = (
				83ABA9FA29E013850061D667 /* UIColorExtension.swift in Sources */,
				83DE250329C31E8900D849EB /* BannerView.swift in Sources */,
				8359F48F29CD9DF600F3B0FB /* CourseView.swift in Sources */,
				839811C929E55C2D009BCDD3 /* CommonCellView.swift in Sources */,
				8359F49329CDA5F100F3B0FB /* CommonTableViewCell.swift in Sources */,
				836A1CBF29C1A689002C568A /* AppDelegate.swift in Sources */,
				836A1CC129C1A689002C568A /* SceneDelegate.swift in Sources */,
				836A1D0129C1BA33002C568A /* BaseModel.swift in Sources */,
				836A1D0F29C1BD5D002C568A /* HomeViewController.swift in Sources */,
				836A1D0D29C1BD50002C568A /* MineViewController.swift in Sources */,
				8359F48D29CD9DB000F3B0FB /* Course.swift in Sources */,
				836A1D1129C1D199002C568A /* BaseNavigationController.swift in Sources */,
				836A1D0529C1BAE3002C568A /* MainViewController.swift in Sources */,
				83ABA9F829E00E750061D667 /* R.generated.swift in Sources */,
				836A1D0329C1BA8D002C568A /* LoginViewController.swift in Sources */,
				83ADB98629C47233008FA886 /* FakeData.swift in Sources */,
				836A1CFF29C1BA1F002C568A /* BaseViewController.swift in Sources */,
				8359F49529CDA79C00F3B0FB /* CourseTableViewCell.swift in Sources */,
			);
			runOnlyForDeploymentPostprocessing = 0;
		};
/* End PBXSourcesBuildPhase section */

/* Begin PBXVariantGroup section */
		836A1CC429C1A689002C568A /* Main.storyboard */ = {
			isa = PBXVariantGroup;
			children = (
				836A1CC529C1A689002C568A /* Base */,
			);
			name = Main.storyboard;
			sourceTree = "<group>";
		};
		836A1CC929C1A68B002C568A /* LaunchScreen.storyboard */ = {
			isa = PBXVariantGroup;
			children = (
				836A1CCA29C1A68B002C568A /* Base */,
			);
			name = LaunchScreen.storyboard;
			sourceTree = "<group>";
		};
/* End PBXVariantGroup section */

/* Begin XCBuildConfiguration section */
		836A1CCD29C1A68B002C568A /* Debug */ = {
			isa = XCBuildConfiguration;
			buildSettings = {
				ALWAYS_SEARCH_USER_PATHS = NO;
				CLANG_ANALYZER_NONNULL = YES;
				CLANG_ANALYZER_NUMBER_OBJECT_CONVERSION = YES_AGGRESSIVE;
				CLANG_CXX_LANGUAGE_STANDARD = "gnu++17";
				CLANG_CXX_LIBRARY = "libc++";
				CLANG_ENABLE_MODULES = YES;
				CLANG_ENABLE_OBJC_ARC = YES;
				CLANG_ENABLE_OBJC_WEAK = YES;
				CLANG_WARN_BLOCK_CAPTURE_AUTORELEASING = YES;
				CLANG_WARN_BOOL_CONVERSION = YES;
				CLANG_WARN_COMMA = YES;
				CLANG_WARN_CONSTANT_CONVERSION = YES;
				CLANG_WARN_DEPRECATED_OBJC_IMPLEMENTATIONS = YES;
				CLANG_WARN_DIRECT_OBJC_ISA_USAGE = YES_ERROR;
				CLANG_WARN_DOCUMENTATION_COMMENTS = YES;
				CLANG_WARN_EMPTY_BODY = YES;
				CLANG_WARN_ENUM_CONVERSION = YES;
				CLANG_WARN_INFINITE_RECURSION = YES;
				CLANG_WARN_INT_CONVERSION = YES;
				CLANG_WARN_NON_LITERAL_NULL_CONVERSION = YES;
				CLANG_WARN_OBJC_IMPLICIT_RETAIN_SELF = YES;
				CLANG_WARN_OBJC_LITERAL_CONVERSION = YES;
				CLANG_WARN_OBJC_ROOT_CLASS = YES_ERROR;
				CLANG_WARN_QUOTED_INCLUDE_IN_FRAMEWORK_HEADER = YES;
				CLANG_WARN_RANGE_LOOP_ANALYSIS = YES;
				CLANG_WARN_STRICT_PROTOTYPES = YES;
				CLANG_WARN_SUSPICIOUS_MOVE = YES;
				CLANG_WARN_UNGUARDED_AVAILABILITY = YES_AGGRESSIVE;
				CLANG_WARN_UNREACHABLE_CODE = YES;
				CLANG_WARN__DUPLICATE_METHOD_MATCH = YES;
				COPY_PHASE_STRIP = NO;
				DEBUG_INFORMATION_FORMAT = dwarf;
				ENABLE_STRICT_OBJC_MSGSEND = YES;
				ENABLE_TESTABILITY = YES;
				GCC_C_LANGUAGE_STANDARD = gnu11;
				GCC_DYNAMIC_NO_PIC = NO;
				GCC_NO_COMMON_BLOCKS = YES;
				GCC_OPTIMIZATION_LEVEL = 0;
				GCC_PREPROCESSOR_DEFINITIONS = (
					"DEBUG=1",
					"$(inherited)",
				);
				GCC_WARN_64_TO_32_BIT_CONVERSION = YES;
				GCC_WARN_ABOUT_RETURN_TYPE = YES_ERROR;
				GCC_WARN_UNDECLARED_SELECTOR = YES;
				GCC_WARN_UNINITIALIZED_AUTOS = YES_AGGRESSIVE;
				GCC_WARN_UNUSED_FUNCTION = YES;
				GCC_WARN_UNUSED_VARIABLE = YES;
				IPHONEOS_DEPLOYMENT_TARGET = 15.2;
				MTL_ENABLE_DEBUG_INFO = INCLUDE_SOURCE;
				MTL_FAST_MATH = YES;
				ONLY_ACTIVE_ARCH = YES;
				SDKROOT = iphoneos;
				SWIFT_ACTIVE_COMPILATION_CONDITIONS = DEBUG;
				SWIFT_OPTIMIZATION_LEVEL = "-Onone";
			};
			name = Debug;
		};
		836A1CCE29C1A68B002C568A /* Release */ = {
			isa = XCBuildConfiguration;
			buildSettings = {
				ALWAYS_SEARCH_USER_PATHS = NO;
				CLANG_ANALYZER_NONNULL = YES;
				CLANG_ANALYZER_NUMBER_OBJECT_CONVERSION = YES_AGGRESSIVE;
				CLANG_CXX_LANGUAGE_STANDARD = "gnu++17";
				CLANG_CXX_LIBRARY = "libc++";
				CLANG_ENABLE_MODULES = YES;
				CLANG_ENABLE_OBJC_ARC = YES;
				CLANG_ENABLE_OBJC_WEAK = YES;
				CLANG_WARN_BLOCK_CAPTURE_AUTORELEASING = YES;
				CLANG_WARN_BOOL_CONVERSION = YES;
				CLANG_WARN_COMMA = YES;
				CLANG_WARN_CONSTANT_CONVERSION = YES;
				CLANG_WARN_DEPRECATED_OBJC_IMPLEMENTATIONS = YES;
				CLANG_WARN_DIRECT_OBJC_ISA_USAGE = YES_ERROR;
				CLANG_WARN_DOCUMENTATION_COMMENTS = YES;
				CLANG_WARN_EMPTY_BODY = YES;
				CLANG_WARN_ENUM_CONVERSION = YES;
				CLANG_WARN_INFINITE_RECURSION = YES;
				CLANG_WARN_INT_CONVERSION = YES;
				CLANG_WARN_NON_LITERAL_NULL_CONVERSION = YES;
				CLANG_WARN_OBJC_IMPLICIT_RETAIN_SELF = YES;
				CLANG_WARN_OBJC_LITERAL_CONVERSION = YES;
				CLANG_WARN_OBJC_ROOT_CLASS = YES_ERROR;
				CLANG_WARN_QUOTED_INCLUDE_IN_FRAMEWORK_HEADER = YES;
				CLANG_WARN_RANGE_LOOP_ANALYSIS = YES;
				CLANG_WARN_STRICT_PROTOTYPES = YES;
				CLANG_WARN_SUSPICIOUS_MOVE = YES;
				CLANG_WARN_UNGUARDED_AVAILABILITY = YES_AGGRESSIVE;
				CLANG_WARN_UNREACHABLE_CODE = YES;
				CLANG_WARN__DUPLICATE_METHOD_MATCH = YES;
				COPY_PHASE_STRIP = NO;
				DEBUG_INFORMATION_FORMAT = "dwarf-with-dsym";
				ENABLE_NS_ASSERTIONS = NO;
				ENABLE_STRICT_OBJC_MSGSEND = YES;
				GCC_C_LANGUAGE_STANDARD = gnu11;
				GCC_NO_COMMON_BLOCKS = YES;
				GCC_WARN_64_TO_32_BIT_CONVERSION = YES;
				GCC_WARN_ABOUT_RETURN_TYPE = YES_ERROR;
				GCC_WARN_UNDECLARED_SELECTOR = YES;
				GCC_WARN_UNINITIALIZED_AUTOS = YES_AGGRESSIVE;
				GCC_WARN_UNUSED_FUNCTION = YES;
				GCC_WARN_UNUSED_VARIABLE = YES;
				IPHONEOS_DEPLOYMENT_TARGET = 15.2;
				MTL_ENABLE_DEBUG_INFO = NO;
				MTL_FAST_MATH = YES;
				SDKROOT = iphoneos;
				SWIFT_COMPILATION_MODE = wholemodule;
				SWIFT_OPTIMIZATION_LEVEL = "-O";
				VALIDATE_PRODUCT = YES;
			};
			name = Release;
		};
		836A1CD029C1A68B002C568A /* Debug */ = {
			isa = XCBuildConfiguration;
			baseConfigurationReference = 19624F4C36D0711BEBAB2D4D /* Pods-geekTime_swift_IB.debug.xcconfig */;
			buildSettings = {
				ASSETCATALOG_COMPILER_APPICON_NAME = AppIcon;
				ASSETCATALOG_COMPILER_GLOBAL_ACCENT_COLOR_NAME = AccentColor;
				CODE_SIGN_STYLE = Automatic;
				CURRENT_PROJECT_VERSION = 1;
				DEVELOPMENT_TEAM = N32558TFCM;
				GENERATE_INFOPLIST_FILE = YES;
				INFOPLIST_FILE = geekTime_swift_IB/Info.plist;
				INFOPLIST_KEY_UIApplicationSupportsIndirectInputEvents = YES;
				INFOPLIST_KEY_UILaunchStoryboardName = LaunchScreen;
				INFOPLIST_KEY_UIMainStoryboardFile = Main;
				INFOPLIST_KEY_UISupportedInterfaceOrientations_iPad = "UIInterfaceOrientationPortrait UIInterfaceOrientationPortraitUpsideDown UIInterfaceOrientationLandscapeLeft UIInterfaceOrientationLandscapeRight";
				INFOPLIST_KEY_UISupportedInterfaceOrientations_iPhone = "UIInterfaceOrientationPortrait UIInterfaceOrientationLandscapeLeft UIInterfaceOrientationLandscapeRight";
				LD_RUNPATH_SEARCH_PATHS = (
					"$(inherited)",
					"@executable_path/Frameworks",
				);
				MARKETING_VERSION = 1.0;
				PRODUCT_BUNDLE_IDENTIFIER = "cn.coolcollege.geekTime-swift-IB";
				PRODUCT_NAME = "$(TARGET_NAME)";
				SWIFT_EMIT_LOC_STRINGS = YES;
				SWIFT_VERSION = 5.0;
				TARGETED_DEVICE_FAMILY = "1,2";
			};
			name = Debug;
		};
		836A1CD129C1A68B002C568A /* Release */ = {
			isa = XCBuildConfiguration;
			baseConfigurationReference = B2E803B30D9C3A957CEE640D /* Pods-geekTime_swift_IB.release.xcconfig */;
			buildSettings = {
				ASSETCATALOG_COMPILER_APPICON_NAME = AppIcon;
				ASSETCATALOG_COMPILER_GLOBAL_ACCENT_COLOR_NAME = AccentColor;
				CODE_SIGN_STYLE = Automatic;
				CURRENT_PROJECT_VERSION = 1;
				DEVELOPMENT_TEAM = N32558TFCM;
				GENERATE_INFOPLIST_FILE = YES;
				INFOPLIST_FILE = geekTime_swift_IB/Info.plist;
				INFOPLIST_KEY_UIApplicationSupportsIndirectInputEvents = YES;
				INFOPLIST_KEY_UILaunchStoryboardName = LaunchScreen;
				INFOPLIST_KEY_UIMainStoryboardFile = Main;
				INFOPLIST_KEY_UISupportedInterfaceOrientations_iPad = "UIInterfaceOrientationPortrait UIInterfaceOrientationPortraitUpsideDown UIInterfaceOrientationLandscapeLeft UIInterfaceOrientationLandscapeRight";
				INFOPLIST_KEY_UISupportedInterfaceOrientations_iPhone = "UIInterfaceOrientationPortrait UIInterfaceOrientationLandscapeLeft UIInterfaceOrientationLandscapeRight";
				LD_RUNPATH_SEARCH_PATHS = (
					"$(inherited)",
					"@executable_path/Frameworks",
				);
				MARKETING_VERSION = 1.0;
				PRODUCT_BUNDLE_IDENTIFIER = "cn.coolcollege.geekTime-swift-IB";
				PRODUCT_NAME = "$(TARGET_NAME)";
				SWIFT_EMIT_LOC_STRINGS = YES;
				SWIFT_VERSION = 5.0;
				TARGETED_DEVICE_FAMILY = "1,2";
			};
			name = Release;
		};
/* End XCBuildConfiguration section */

/* Begin XCConfigurationList section */
		836A1CB629C1A689002C568A /* Build configuration list for PBXProject "geekTime_swift_IB" */ = {
			isa = XCConfigurationList;
			buildConfigurations = (
				836A1CCD29C1A68B002C568A /* Debug */,
				836A1CCE29C1A68B002C568A /* Release */,
			);
			defaultConfigurationIsVisible = 0;
			defaultConfigurationName = Release;
		};
		836A1CCF29C1A68B002C568A /* Build configuration list for PBXNativeTarget "geekTime_swift_IB" */ = {
			isa = XCConfigurationList;
			buildConfigurations = (
				836A1CD029C1A68B002C568A /* Debug */,
				836A1CD129C1A68B002C568A /* Release */,
			);
			defaultConfigurationIsVisible = 0;
			defaultConfigurationName = Release;
		};
/* End XCConfigurationList section */
	};
	rootObject = 836A1CB329C1A689002C568A /* Project object */;
}
